
Microsoft Visual Studio Solution File, Format Version 12.00
# Visual Studio Version 16
VisualStudioVersion = 16.0.30309.148
MinimumVisualStudioVersion = 10.0.40219.1
Project("{FAE04EC0-301F-11D3-BF4B-00C04F79EFBC}") = "CaseStudy3MVC", "CaseStudy3MVC\CaseStudy3MVC.csproj", "{6246B8AB-952F-4884-B579-CDB3641B2AD0}"
EndProject
Project("{FAE04EC0-301F-11D3-BF4B-00C04F79EFBC}") = "ProductMVCWebApplication", "ProductMVCWebApplication\ProductMVCWebApplication.csproj", "{A3448D28-3D9E-49F1-89F5-E2D3878DCB49}"
EndProject
Project("{FAE04EC0-301F-11D3-BF4B-00C04F79EFBC}") = "ProductDataAccessLayerLib", "ProductDataAccessLayerLib\ProductDataAccessLayerLib.csproj", "{644DD850-D24A-4682-B688-8CC184A8701C}"
EndProject
Global
	GlobalSection(SolutionConfigurationPlatforms) = preSolution
		Debug|Any CPU = Debug|Any CPU
		Release|Any CPU = Release|Any CPU
	EndGlobalSection
	GlobalSection(ProjectConfigurationPlatforms) = postSolution
		{6246B8AB-952F-4884-B579-CDB3641B2AD0}.Debug|Any CPU.ActiveCfg = Debug|Any CPU
		{6246B8AB-952F-4884-B579-CDB3641B2AD0}.Debug|Any CPU.Build.0 = Debug|Any CPU
		{6246B8AB-952F-4884-B579-CDB3641B2AD0}.Release|Any CPU.ActiveCfg = Release|Any CPU
		{6246B8AB-952F-4884-B579-CDB3641B2AD0}.Release|Any CPU.Build.0 = Release|Any CPU
		{A3448D28-3D9E-49F1-89F5-E2D3878DCB49}.Debug|Any CPU.ActiveCfg = Debug|Any CPU
		{A3448D28-3D9E-49F1-89F5-E2D3878DCB49}.Debug|Any CPU.Build.0 = Debug|Any CPU
		{A3448D28-3D9E-49F1-89F5-E2D3878DCB49}.Release|Any CPU.ActiveCfg = Release|Any CPU
		{A3448D28-3D9E-49F1-89F5-E2D3878DCB49}.Release|Any CPU.Build.0 = Release|Any CPU
		{644DD850-D24A-4682-B688-8CC184A8701C}.Debug|Any CPU.ActiveCfg = Debug|Any CPU
		{644DD850-D24A-4682-B688-8CC184A8701C}.Debug|Any CPU.Build.0 = Debug|Any CPU
		{644DD850-D24A-4682-B688-8CC184A8701C}.Release|Any CPU.ActiveCfg = Release|Any CPU
		{644DD850-D24A-4682-B688-8CC184A8701C}.Release|Any CPU.Build.0 = Release|Any CPU
	EndGlobalSection
	GlobalSection(SolutionProperties) = preSolution
		HideSolutionNode = FALSE
	EndGlobalSection
	GlobalSection(ExtensibilityGlobals) = postSolution
		SolutionGuid = {F3F22A14-CFF5-47BE-9412-47B157970CB7}
	EndGlobalSection
EndGlobal
